// !$*UTF8*$!
{
	archiveVersion = 1;
	classes = {
	};
	objectVersion = 46;
	objects = {

/* Begin PBXBuildFile section */
		1828D1341D8F43CB00D8A953 /* AppDelegate.swift in Sources */ = {isa = PBXBuildFile; fileRef = 1828D12D1D8F43CB00D8A953 /* AppDelegate.swift */; };
		1828D1351D8F43CB00D8A953 /* ViewController.swift in Sources */ = {isa = PBXBuildFile; fileRef = 1828D12E1D8F43CB00D8A953 /* ViewController.swift */; };
		1828D1361D8F43CB00D8A953 /* Main.storyboard in Resources */ = {isa = PBXBuildFile; fileRef = 1828D12F1D8F43CB00D8A953 /* Main.storyboard */; };
		1828D1371D8F43CB00D8A953 /* Canvas.swift in Sources */ = {isa = PBXBuildFile; fileRef = 1828D1301D8F43CB00D8A953 /* Canvas.swift */; };
		1828D1381D8F43CB00D8A953 /* Assets.xcassets in Resources */ = {isa = PBXBuildFile; fileRef = 1828D1311D8F43CB00D8A953 /* Assets.xcassets */; };
		1828D1391D8F43CB00D8A953 /* LaunchScreen.storyboard in Resources */ = {isa = PBXBuildFile; fileRef = 1828D1321D8F43CB00D8A953 /* LaunchScreen.storyboard */; };
		1828D13A1D8F43CB00D8A953 /* Info.plist in Resources */ = {isa = PBXBuildFile; fileRef = 1828D1331D8F43CB00D8A953 /* Info.plist */; };
/* End PBXBuildFile section */

/* Begin PBXFileReference section */
		1828D1181D8F439600D8A953 /* Spirograph.app */ = {isa = PBXFileReference; explicitFileType = wrapper.application; includeInIndex = 0; path = Spirograph.app; sourceTree = BUILT_PRODUCTS_DIR; };
		1828D12D1D8F43CB00D8A953 /* AppDelegate.swift */ = {isa = PBXFileReference; fileEncoding = 4; lastKnownFileType = sourcecode.swift; path = AppDelegate.swift; sourceTree = "<group>"; };
		1828D12E1D8F43CB00D8A953 /* ViewController.swift */ = {isa = PBXFileReference; fileEncoding = 4; lastKnownFileType = sourcecode.swift; path = ViewController.swift; sourceTree = "<group>"; };
		1828D12F1D8F43CB00D8A953 /* Main.storyboard */ = {isa = PBXFileReference; fileEncoding = 4; lastKnownFileType = file.storyboard; path = Main.storyboard; sourceTree = "<group>"; };
		1828D1301D8F43CB00D8A953 /* Canvas.swift */ = {isa = PBXFileReference; fileEncoding = 4; lastKnownFileType = sourcecode.swift; path = Canvas.swift; sourceTree = "<group>"; };
		1828D1311D8F43CB00D8A953 /* Assets.xcassets */ = {isa = PBXFileReference; lastKnownFileType = folder.assetcatalog; path = Assets.xcassets; sourceTree = "<group>"; };
		1828D1321D8F43CB00D8A953 /* LaunchScreen.storyboard */ = {isa = PBXFileReference; fileEncoding = 4; lastKnownFileType = file.storyboard; path = LaunchScreen.storyboard; sourceTree = "<group>"; };
		1828D1331D8F43CB00D8A953 /* Info.plist */ = {isa = PBXFileReference; fileEncoding = 4; lastKnownFileType = text.plist.xml; path = Info.plist; sourceTree = "<group>"; };
/* End PBXFileReference section */

/* Begin PBXFrameworksBuildPhase section */
		1828D1151D8F439600D8A953 /* Frameworks */ = {
			isa = PBXFrameworksBuildPhase;
			buildActionMask = 2147483647;
			files = (
			);
			runOnlyForDeploymentPostprocessing = 0;
		};
/* End PBXFrameworksBuildPhase section */

/* Begin PBXGroup section */
		1828D10F1D8F439500D8A953 = {
			isa = PBXGroup;
			children = (
				1828D11A1D8F439700D8A953 /* Spirograph */,
				1828D1191D8F439600D8A953 /* Products */,
			);
			sourceTree = "<group>";
		};
		1828D1191D8F439600D8A953 /* Products */ = {
			isa = PBXGroup;
			children = (
				1828D1181D8F439600D8A953 /* Spirograph.app */,
			);
			name = Products;
			sourceTree = "<group>";
		};
		1828D11A1D8F439700D8A953 /* Spirograph */ = {
			isa = PBXGroup;
			children = (
				1828D12D1D8F43CB00D8A953 /* AppDelegate.swift */,
				1828D12E1D8F43CB00D8A953 /* ViewController.swift */,
				1828D12F1D8F43CB00D8A953 /* Main.storyboard */,
				1828D1301D8F43CB00D8A953 /* Canvas.swift */,
				1828D1311D8F43CB00D8A953 /* Assets.xcassets */,
				1828D1321D8F43CB00D8A953 /* LaunchScreen.storyboard */,
				1828D1331D8F43CB00D8A953 /* Info.plist */,
			);
			path = Spirograph;
			sourceTree = "<group>";
		};
/* End PBXGroup section */

/* Begin PBXNativeTarget section */
		1828D1171D8F439600D8A953 /* Spirograph */ = {
			isa = PBXNativeTarget;
			buildConfigurationList = 1828D12A1D8F439900D8A953 /* Build configuration list for PBXNativeTarget "Spirograph" */;
			buildPhases = (
				1828D1141D8F439600D8A953 /* Sources */,
				1828D1151D8F439600D8A953 /* Frameworks */,
				1828D1161D8F439600D8A953 /* Resources */,
			);
			buildRules = (
			);
			dependencies = (
			);
			name = Spirograph;
			productName = Spirograph;
			productReference = 1828D1181D8F439600D8A953 /* Spirograph.app */;
			productType = "com.apple.product-type.application";
		};
/* End PBXNativeTarget section */

/* Begin PBXProject section */
		1828D1101D8F439500D8A953 /* Project object */ = {
			isa = PBXProject;
			attributes = {
				LastSwiftUpdateCheck = 0800;
				LastUpgradeCheck = 0800;
				ORGANIZATIONNAME = Becarefullee;
				TargetAttributes = {
					1828D1171D8F439600D8A953 = {
						CreatedOnToolsVersion = 8.0;
						DevelopmentTeam = 925J98MCXZ;
						LastSwiftMigration = 0800;
						ProvisioningStyle = Automatic;
					};
				};
			};
			buildConfigurationList = 1828D1131D8F439500D8A953 /* Build configuration list for PBXProject "Spirograph" */;
			compatibilityVersion = "Xcode 3.2";
			developmentRegion = English;
			hasScannedForEncodings = 0;
			knownRegions = (
				en,
				Base,
			);
			mainGroup = 1828D10F1D8F439500D8A953;
			productRefGroup = 1828D1191D8F439600D8A953 /* Products */;
			projectDirPath = "";
			projectRoot = "";
			targets = (
				1828D1171D8F439600D8A953 /* Spirograph */,
			);
		};
/* End PBXProject section */

/* Begin PBXResourcesBuildPhase section */
		1828D1161D8F439600D8A953 /* Resources */ = {
			isa = PBXResourcesBuildPhase;
			buildActionMask = 2147483647;
			files = (
				1828D13A1D8F43CB00D8A953 /* Info.plist in Resources */,
				1828D1391D8F43CB00D8A953 /* LaunchScreen.storyboard in Resources */,
				1828D1381D8F43CB00D8A953 /* Assets.xcassets in Resources */,
				1828D1361D8F43CB00D8A953 /* Main.storyboard in Resources */,
			);
			runOnlyForDeploymentPostprocessing = 0;
		};
/* End PBXResourcesBuildPhase section */

/* Begin PBXSourcesBuildPhase section */
		1828D1141D8F439600D8A953 /* Sources */ = {
			isa = PBXSourcesBuildPhase;
			buildActionMask = 2147483647;
			files = (
				1828D1351D8F43CB00D8A953 /* ViewController.swift in Sources */,
				1828D1341D8F43CB00D8A953 /* AppDelegate.swift in Sources */,
				1828D1371D8F43CB00D8A953 /* Canvas.swift in Sources */,
			);
			runOnlyForDeploymentPostprocessing = 0;
		};
/* End PBXSourcesBuildPhase section */

/* Begin XCBuildConfiguration section */
		1828D1281D8F439900D8A953 /* Debug */ = {
			isa = XCBuildConfiguration;
			buildSettings = {
				ALWAYS_SEARCH_USER_PATHS = NO;
				CLANG_ANALYZER_NONNULL = YES;
				CLANG_CXX_LANGUAGE_STANDARD = "gnu++0x";
				CLANG_CXX_LIBRARY = "libc++";
				CLANG_ENABLE_MODULES = YES;
				CLANG_ENABLE_OBJC_ARC = YES;
				CLANG_WARN_BOOL_CONVERSION = YES;
				CLANG_WARN_CONSTANT_CONVERSION = YES;
				CLANG_WARN_DIRECT_OBJC_ISA_USAGE = YES_ERROR;
				CLANG_WARN_DOCUMENTATION_COMMENTS = YES;
				CLANG_WARN_EMPTY_BODY = YES;
				CLANG_WARN_ENUM_CONVERSION = YES;
				CLANG_WARN_INFINITE_RECURSION = YES;
				CLANG_WARN_INT_CONVERSION = YES;
				CLANG_WARN_OBJC_ROOT_CLASS = YES_ERROR;
				CLANG_WARN_SUSPICIOUS_MOVES = YES;
				CLANG_WARN_UNREACHABLE_CODE = YES;
				CLANG_WARN__DUPLICATE_METHOD_MATCH = YES;
				"CODE_SIGN_IDENTITY[sdk=iphoneos*]" = "iPhone Developer";
				COPY_PHASE_STRIP = NO;
				DEBUG_INFORMATION_FORMAT = dwarf;
				ENABLE_STRICT_OBJC_MSGSEND = YES;
				ENABLE_TESTABILITY = YES;
				GCC_C_LANGUAGE_STANDARD = gnu99;
				GCC_DYNAMIC_NO_PIC = NO;
				GCC_NO_COMMON_BLOCKS = YES;
				GCC_OPTIMIZATION_LEVEL = 0;
				GCC_PREPROCESSOR_DEFINITIONS = (
					"DEBUG=1",
					"$(inherited)",
				);
				GCC_WARN_64_TO_32_BIT_CONVERSION = YES;
				GCC_WARN_ABOUT_RETURN_TYPE = YES_ERROR;
				GCC_WARN_UNDECLARED_SELECTOR = YES;
				GCC_WARN_UNINITIALIZED_AUTOS = YES_AGGRESSIVE;
				GCC_WARN_UNUSED_FUNCTION = YES;
				GCC_WARN_UNUSED_VARIABLE = YES;
				IPHONEOS_DEPLOYMENT_TARGET = 10.0;
				MTL_ENABLE_DEBUG_INFO = YES;
				ONLY_ACTIVE_ARCH = YES;
				SDKROOT = iphoneos;
				SWIFT_ACTIVE_COMPILATION_CONDITIONS = DEBUG;
				SWIFT_OPTIMIZATION_LEVEL = "-Onone";
				TARGETED_DEVICE_FAMILY = "1,2";
			};
			name = Debug;
		};
		1828D1291D8F439900D8A953 /* Release */ = {
			isa = XCBuildConfiguration;
			buildSettings = {
				ALWAYS_SEARCH_USER_PATHS = NO;
				CLANG_ANALYZER_NONNULL = YES;
				CLANG_CXX_LANGUAGE_STANDARD = "gnu++0x";
				CLANG_CXX_LIBRARY = "libc++";
				CLANG_ENABLE_MODULES = YES;
				CLANG_ENABLE_OBJC_ARC = YES;
				CLANG_WARN_BOOL_CONVERSION = YES;
				CLANG_WARN_CONSTANT_CONVERSION = YES;
				CLANG_WARN_DIRECT_OBJC_ISA_USAGE = YES_ERROR;
				CLANG_WARN_DOCUMENTATION_COMMENTS = YES;
				CLANG_WARN_EMPTY_BODY = YES;
				CLANG_WARN_ENUM_CONVERSION = YES;
				CLANG_WARN_INFINITE_RECURSION = YES;
				CLANG_WARN_INT_CONVERSION = YES;
				CLANG_WARN_OBJC_ROOT_CLASS = YES_ERROR;
				CLANG_WARN_SUSPICIOUS_MOVES = YES;
				CLANG_WARN_UNREACHABLE_CODE = YES;
				CLANG_WARN__DUPLICATE_METHOD_MATCH = YES;
				"CODE_SIGN_IDENTITY[sdk=iphoneos*]" = "iPhone Developer";
				COPY_PHASE_STRIP = NO;
				DEBUG_INFORMATION_FORMAT = "dwarf-with-dsym";
				ENABLE_NS_ASSERTIONS = NO;
				ENABLE_STRICT_OBJC_MSGSEND = YES;
				GCC_C_LANGUAGE_STANDARD = gnu99;
				GCC_NO_COMMON_BLOCKS = YES;
				GCC_WARN_64_TO_32_BIT_CONVERSION = YES;
				GCC_WARN_ABOUT_RETURN_TYPE = YES_ERROR;
				GCC_WARN_UNDECLARED_SELECTOR = YES;
				GCC_WARN_UNINITIALIZED_AUTOS = YES_AGGRESSIVE;
				GCC_WARN_UNUSED_FUNCTION = YES;
				GCC_WARN_UNUSED_VARIABLE = YES;
				IPHONEOS_DEPLOYMENT_TARGET = 10.0;
				MTL_ENABLE_DEBUG_INFO = NO;
				SDKROOT = iphoneos;
				SWIFT_OPTIMIZATION_LEVEL = "-Owholemodule";
				TARGETED_DEVICE_FAMILY = "1,2";
				VALIDATE_PRODUCT = YES;
			};
			name = Release;
		};
		1828D12B1D8F439900D8A953 /* Debug */ = {
			isa = XCBuildConfiguration;
			buildSettings = {
				ASSETCATALOG_COMPILER_APPICON_NAME = AppIcon;
				CLANG_ENABLE_MODULES = YES;
				DEVELOPMENT_TEAM = 925J98MCXZ;
				INFOPLIST_FILE = Spirograph/Info.plist;
				IPHONEOS_DEPLOYMENT_TARGET = 9.3;
				LD_RUNPATH_SEARCH_PATHS = "$(inherited) @executable_path/Frameworks";
				PRODUCT_BUNDLE_IDENTIFIER = com.liqinyuan.Spirograph;
				PRODUCT_NAME = "$(TARGET_NAME)";
				SWIFT_OPTIMIZATION_LEVEL = "-Onone";
				SWIFT_VERSION = 3.0;
			};
			name = Debug;
		};
		1828D12C1D8F439900D8A953 /* Release */ = {
			isa = XCBuildConfiguration;
			buildSettings = {
				ASSETCATALOG_COMPILER_APPICON_NAME = AppIcon;
				CLANG_ENABLE_MODULES = YES;
				DEVELOPMENT_TEAM = 925J98MCXZ;
				INFOPLIST_FILE = Spirograph/Info.plist;
				IPHONEOS_DEPLOYMENT_TARGET = 9.3;
				LD_RUNPATH_SEARCH_PATHS = "$(inherited) @executable_path/Frameworks";
				PRODUCT_BUNDLE_IDENTIFIER = com.liqinyuan.Spirograph;
				PRODUCT_NAME = "$(TARGET_NAME)";
				SWIFT_VERSION = 3.0;
			};
			name = Release;
		};
/* End XCBuildConfiguration section */

/* Begin XCConfigurationList section */
		1828D1131D8F439500D8A953 /* Build configuration list for PBXProject "Spirograph" */ = {
			isa = XCConfigurationList;
			buildConfigurations = (
				1828D1281D8F439900D8A953 /* Debug */,
				1828D1291D8F439900D8A953 /* Release */,
			);
			defaultConfigurationIsVisible = 0;
			defaultConfigurationName = Release;
		};
		1828D12A1D8F439900D8A953 /* Build configuration list for PBXNativeTarget "Spirograph" */ = {
			isa = XCConfigurationList;
			buildConfigurations = (
				1828D12B1D8F439900D8A953 /* Debug */,
				1828D12C1D8F439900D8A953 /* Release */,
			);
			defaultConfigurationIsVisible = 0;
		};
/* End XCConfigurationList section */
	};
	rootObject = 1828D1101D8F439500D8A953 /* Project object */;
}
